
Microsoft Visual Studio Solution File, Format Version 12.00
# Visual Studio 2013
VisualStudioVersion = 12.0.31101.0
MinimumVisualStudioVersion = 10.0.40219.1
Project("{FAE04EC0-301F-11D3-BF4B-00C04F79EFBC}") = "Website", "Website\Website.csproj", "{7DF9F721-D058-4986-87C1-E60EE95FFE75}"
EndProject
Project("{FAE04EC0-301F-11D3-BF4B-00C04F79EFBC}") = "Website.Tests", "Website.Tests\Website.Tests.csproj", "{DE48AD58-1F07-411B-B6F6-B1FFF4857725}"
EndProject
Project("{FAE04EC0-301F-11D3-BF4B-00C04F79EFBC}") = "Models", "Models\Models.csproj", "{3AD01113-1CDE-41B6-9E69-41D8A1B60984}"
EndProject
Project("{FAE04EC0-301F-11D3-BF4B-00C04F79EFBC}") = "DataAccess", "DataAccess\DataAccess.csproj", "{063FC4C3-E6C5-41F2-87CB-84DF164B4FAB}"
EndProject
Project("{FAE04EC0-301F-11D3-BF4B-00C04F79EFBC}") = "Services", "Services\Services.csproj", "{D7023D7F-AE39-4941-B52B-1066D67CC24D}"
EndProject
Project("{FAE04EC0-301F-11D3-BF4B-00C04F79EFBC}") = "WebServices", "WebServices\WebServices.csproj", "{C20968A0-3B43-495B-B598-1FC61C6D4346}"
EndProject
Global
	GlobalSection(SolutionConfigurationPlatforms) = preSolution
		Debug|Any CPU = Debug|Any CPU
		Release|Any CPU = Release|Any CPU
	EndGlobalSection
	GlobalSection(ProjectConfigurationPlatforms) = postSolution
		{7DF9F721-D058-4986-87C1-E60EE95FFE75}.Debug|Any CPU.ActiveCfg = Debug|Any CPU
		{7DF9F721-D058-4986-87C1-E60EE95FFE75}.Debug|Any CPU.Build.0 = Debug|Any CPU
		{7DF9F721-D058-4986-87C1-E60EE95FFE75}.Release|Any CPU.ActiveCfg = Release|Any CPU
		{7DF9F721-D058-4986-87C1-E60EE95FFE75}.Release|Any CPU.Build.0 = Release|Any CPU
		{DE48AD58-1F07-411B-B6F6-B1FFF4857725}.Debug|Any CPU.ActiveCfg = Debug|Any CPU
		{DE48AD58-1F07-411B-B6F6-B1FFF4857725}.Debug|Any CPU.Build.0 = Debug|Any CPU
		{DE48AD58-1F07-411B-B6F6-B1FFF4857725}.Release|Any CPU.ActiveCfg = Release|Any CPU
		{DE48AD58-1F07-411B-B6F6-B1FFF4857725}.Release|Any CPU.Build.0 = Release|Any CPU
		{3AD01113-1CDE-41B6-9E69-41D8A1B60984}.Debug|Any CPU.ActiveCfg = Debug|Any CPU
		{3AD01113-1CDE-41B6-9E69-41D8A1B60984}.Debug|Any CPU.Build.0 = Debug|Any CPU
		{3AD01113-1CDE-41B6-9E69-41D8A1B60984}.Release|Any CPU.ActiveCfg = Release|Any CPU
		{3AD01113-1CDE-41B6-9E69-41D8A1B60984}.Release|Any CPU.Build.0 = Release|Any CPU
		{063FC4C3-E6C5-41F2-87CB-84DF164B4FAB}.Debug|Any CPU.ActiveCfg = Debug|Any CPU
		{063FC4C3-E6C5-41F2-87CB-84DF164B4FAB}.Debug|Any CPU.Build.0 = Debug|Any CPU
		{063FC4C3-E6C5-41F2-87CB-84DF164B4FAB}.Release|Any CPU.ActiveCfg = Release|Any CPU
		{063FC4C3-E6C5-41F2-87CB-84DF164B4FAB}.Release|Any CPU.Build.0 = Release|Any CPU
		{D7023D7F-AE39-4941-B52B-1066D67CC24D}.Debug|Any CPU.ActiveCfg = Debug|Any CPU
		{D7023D7F-AE39-4941-B52B-1066D67CC24D}.Debug|Any CPU.Build.0 = Debug|Any CPU
		{D7023D7F-AE39-4941-B52B-1066D67CC24D}.Release|Any CPU.ActiveCfg = Release|Any CPU
		{D7023D7F-AE39-4941-B52B-1066D67CC24D}.Release|Any CPU.Build.0 = Release|Any CPU
		{C20968A0-3B43-495B-B598-1FC61C6D4346}.Debug|Any CPU.ActiveCfg = Debug|Any CPU
		{C20968A0-3B43-495B-B598-1FC61C6D4346}.Debug|Any CPU.Build.0 = Debug|Any CPU
		{C20968A0-3B43-495B-B598-1FC61C6D4346}.Release|Any CPU.ActiveCfg = Release|Any CPU
		{C20968A0-3B43-495B-B598-1FC61C6D4346}.Release|Any CPU.Build.0 = Release|Any CPU
	EndGlobalSection
	GlobalSection(SolutionProperties) = preSolution
		HideSolutionNode = FALSE
	EndGlobalSection
EndGlobal
